
Microsoft Visual Studio Solution File, Format Version 12.00
# Visual Studio 2012
Project("{FAE04EC0-301F-11D3-BF4B-00C04F79EFBC}") = "HesapMakinesi2", "..\HesapMakinesi2\HesapMakinesi2\HesapMakinesi2.csproj", "{753314D4-05AF-43BE-8B1F-BF8FD925E43C}"
EndProject
Project("{FAE04EC0-301F-11D3-BF4B-00C04F79EFBC}") = "fibonacci", "..\fibonacci\fibonacci\fibonacci.csproj", "{9FC1A487-D2FE-4B86-A0EA-2B093A952FB4}"
EndProject
Project("{FAE04EC0-301F-11D3-BF4B-00C04F79EFBC}") = "Hesaplama", "..\HesapMakinesi2\Hesaplama\Hesaplama.csproj", "{0F14E999-DE82-47DD-90C5-8C649E69FD20}"
EndProject
Project("{FAE04EC0-301F-11D3-BF4B-00C04F79EFBC}") = "Alarm", "..\Alarm\Alarm\Alarm.csproj", "{8ECC790A-40B7-4EBF-A3B0-E61B555A721A}"
EndProject
Global
	GlobalSection(SolutionConfigurationPlatforms) = preSolution
		Debug|Any CPU = Debug|Any CPU
		Release|Any CPU = Release|Any CPU
	EndGlobalSection
	GlobalSection(ProjectConfigurationPlatforms) = postSolution
		{753314D4-05AF-43BE-8B1F-BF8FD925E43C}.Debug|Any CPU.ActiveCfg = Debug|Any CPU
		{753314D4-05AF-43BE-8B1F-BF8FD925E43C}.Debug|Any CPU.Build.0 = Debug|Any CPU
		{753314D4-05AF-43BE-8B1F-BF8FD925E43C}.Release|Any CPU.ActiveCfg = Release|Any CPU
		{753314D4-05AF-43BE-8B1F-BF8FD925E43C}.Release|Any CPU.Build.0 = Release|Any CPU
		{9FC1A487-D2FE-4B86-A0EA-2B093A952FB4}.Debug|Any CPU.ActiveCfg = Debug|Any CPU
		{9FC1A487-D2FE-4B86-A0EA-2B093A952FB4}.Debug|Any CPU.Build.0 = Debug|Any CPU
		{9FC1A487-D2FE-4B86-A0EA-2B093A952FB4}.Release|Any CPU.ActiveCfg = Release|Any CPU
		{9FC1A487-D2FE-4B86-A0EA-2B093A952FB4}.Release|Any CPU.Build.0 = Release|Any CPU
		{0F14E999-DE82-47DD-90C5-8C649E69FD20}.Debug|Any CPU.ActiveCfg = Debug|Any CPU
		{0F14E999-DE82-47DD-90C5-8C649E69FD20}.Debug|Any CPU.Build.0 = Debug|Any CPU
		{0F14E999-DE82-47DD-90C5-8C649E69FD20}.Release|Any CPU.ActiveCfg = Release|Any CPU
		{0F14E999-DE82-47DD-90C5-8C649E69FD20}.Release|Any CPU.Build.0 = Release|Any CPU
		{8ECC790A-40B7-4EBF-A3B0-E61B555A721A}.Debug|Any CPU.ActiveCfg = Debug|Any CPU
		{8ECC790A-40B7-4EBF-A3B0-E61B555A721A}.Debug|Any CPU.Build.0 = Debug|Any CPU
		{8ECC790A-40B7-4EBF-A3B0-E61B555A721A}.Release|Any CPU.ActiveCfg = Release|Any CPU
		{8ECC790A-40B7-4EBF-A3B0-E61B555A721A}.Release|Any CPU.Build.0 = Release|Any CPU
	EndGlobalSection
	GlobalSection(SolutionProperties) = preSolution
		HideSolutionNode = FALSE
	EndGlobalSection
EndGlobal
